// !$*UTF8*$!
{
	archiveVersion = 1;
	classes = {
	};
	objectVersion = 50;
	objects = {

/* Begin PBXBuildFile section */
		6562FD1123F0A6B700E2CEAD /* IntExtensions.swift in Sources */ = {isa = PBXBuildFile; fileRef = 6562FD1023F0A6B700E2CEAD /* IntExtensions.swift */; };
		6562FD1323F0A6D400E2CEAD /* URLExtensions.swift in Sources */ = {isa = PBXBuildFile; fileRef = 6562FD1223F0A6D400E2CEAD /* URLExtensions.swift */; };
		6562FD1523F0A6EB00E2CEAD /* StringExtensions.swift in Sources */ = {isa = PBXBuildFile; fileRef = 6562FD1423F0A6EB00E2CEAD /* StringExtensions.swift */; };
		6562FD1723F0A70100E2CEAD /* URLSessionExtensions.swift in Sources */ = {isa = PBXBuildFile; fileRef = 6562FD1623F0A70100E2CEAD /* URLSessionExtensions.swift */; };
		6562FD1A23F0A72B00E2CEAD /* URLQueryParameterStringConvertible.swift in Sources */ = {isa = PBXBuildFile; fileRef = 6562FD1923F0A72B00E2CEAD /* URLQueryParameterStringConvertible.swift */; };
		6562FD1C23F0A75000E2CEAD /* Network.swift in Sources */ = {isa = PBXBuildFile; fileRef = 6562FD1B23F0A75000E2CEAD /* Network.swift */; };
		6562FD2023F0A7C800E2CEAD /* Gif.swift in Sources */ = {isa = PBXBuildFile; fileRef = 6562FD1F23F0A7C800E2CEAD /* Gif.swift */; };
		6562FD2323F0A81500E2CEAD /* GiphyAPIResponse.swift in Sources */ = {isa = PBXBuildFile; fileRef = 6562FD2223F0A81500E2CEAD /* GiphyAPIResponse.swift */; };
		6562FD2523F0A84500E2CEAD /* GiphyRequestFactory.swift in Sources */ = {isa = PBXBuildFile; fileRef = 6562FD2423F0A84500E2CEAD /* GiphyRequestFactory.swift */; };
		6562FD2723F0A86600E2CEAD /* GiphyAPI.swift in Sources */ = {isa = PBXBuildFile; fileRef = 6562FD2623F0A86600E2CEAD /* GiphyAPI.swift */; };
		656CFB5323F54BD00097A1B5 /* GiphySearchUI.framework in Frameworks */ = {isa = PBXBuildFile; fileRef = 656CFB4A23F54BD00097A1B5 /* GiphySearchUI.framework */; };
		656CFB5C23F54BD00097A1B5 /* GiphySearchUI.h in Headers */ = {isa = PBXBuildFile; fileRef = 656CFB4C23F54BD00097A1B5 /* GiphySearchUI.h */; settings = {ATTRIBUTES = (Public, ); }; };
		656CFB5F23F54BD00097A1B5 /* GiphySearchUI.framework in Frameworks */ = {isa = PBXBuildFile; fileRef = 656CFB4A23F54BD00097A1B5 /* GiphySearchUI.framework */; };
		656CFB6023F54BD00097A1B5 /* GiphySearchUI.framework in Embed Frameworks */ = {isa = PBXBuildFile; fileRef = 656CFB4A23F54BD00097A1B5 /* GiphySearchUI.framework */; settings = {ATTRIBUTES = (CodeSignOnCopy, RemoveHeadersOnCopy, ); }; };
		656CFB6E23F54DBA0097A1B5 /* GifPlayerViewController.swift in Sources */ = {isa = PBXBuildFile; fileRef = 656CFB6D23F54DBA0097A1B5 /* GifPlayerViewController.swift */; };
		656CFB7023F54DD20097A1B5 /* GifPlayerViewController.storyboard in Resources */ = {isa = PBXBuildFile; fileRef = 656CFB6F23F54DD20097A1B5 /* GifPlayerViewController.storyboard */; };
		656CFB7423F54E350097A1B5 /* StoryboardInstantiable.swift in Sources */ = {isa = PBXBuildFile; fileRef = 656CFB7323F54E350097A1B5 /* StoryboardInstantiable.swift */; };
		656CFB7723F54EE80097A1B5 /* GifPlayerBuilder.swift in Sources */ = {isa = PBXBuildFile; fileRef = 656CFB7623F54EE80097A1B5 /* GifPlayerBuilder.swift */; };
		6576638E23F559E1007A4CBC /* GifPlayerPresenter.swift in Sources */ = {isa = PBXBuildFile; fileRef = 6576638D23F559E1007A4CBC /* GifPlayerPresenter.swift */; };
		6576639023F562A8007A4CBC /* Notifier.swift in Sources */ = {isa = PBXBuildFile; fileRef = 6576638F23F562A8007A4CBC /* Notifier.swift */; };
		6576639223F563A4007A4CBC /* Player.swift in Sources */ = {isa = PBXBuildFile; fileRef = 6576639123F563A4007A4CBC /* Player.swift */; };
		658F317D23F4681200918473 /* MockNetwork.swift in Sources */ = {isa = PBXBuildFile; fileRef = 658F317C23F4681200918473 /* MockNetwork.swift */; };
		658F317F23F4686900918473 /* MockNetworkTask.swift in Sources */ = {isa = PBXBuildFile; fileRef = 658F317E23F4686900918473 /* MockNetworkTask.swift */; };
		658F318223F4692700918473 /* GiphyAPITests.swift in Sources */ = {isa = PBXBuildFile; fileRef = 658F318123F4692700918473 /* GiphyAPITests.swift */; };
		658F318623F46E7400918473 /* RandomGifResponse.json in Resources */ = {isa = PBXBuildFile; fileRef = 658F318423F46E7400918473 /* RandomGifResponse.json */; };
		658F318723F46E7400918473 /* SearchGifResponse.json in Resources */ = {isa = PBXBuildFile; fileRef = 658F318523F46E7400918473 /* SearchGifResponse.json */; };
		658F318A23F4774600918473 /* DataExtensions.swift in Sources */ = {isa = PBXBuildFile; fileRef = 658F318923F4774600918473 /* DataExtensions.swift */; };
		659F495C23F27FE3003B562D /* GifAPI.swift in Sources */ = {isa = PBXBuildFile; fileRef = 659F495B23F27FE3003B562D /* GifAPI.swift */; };
		65F667FB23F0498900AA88B3 /* AppDelegate.swift in Sources */ = {isa = PBXBuildFile; fileRef = 65F667FA23F0498900AA88B3 /* AppDelegate.swift */; };
		65F667FF23F0498900AA88B3 /* ViewController.swift in Sources */ = {isa = PBXBuildFile; fileRef = 65F667FE23F0498900AA88B3 /* ViewController.swift */; };
		65F6680223F0498900AA88B3 /* Main.storyboard in Resources */ = {isa = PBXBuildFile; fileRef = 65F6680023F0498900AA88B3 /* Main.storyboard */; };
		65F6680423F0498A00AA88B3 /* Assets.xcassets in Resources */ = {isa = PBXBuildFile; fileRef = 65F6680323F0498A00AA88B3 /* Assets.xcassets */; };
		65F6680723F0498A00AA88B3 /* LaunchScreen.storyboard in Resources */ = {isa = PBXBuildFile; fileRef = 65F6680523F0498A00AA88B3 /* LaunchScreen.storyboard */; };
		65F6681223F0498A00AA88B3 /* GiphySearchChallengeTests.swift in Sources */ = {isa = PBXBuildFile; fileRef = 65F6681123F0498A00AA88B3 /* GiphySearchChallengeTests.swift */; };
		65F6682A23F04BCB00AA88B3 /* GifAPI.framework in Frameworks */ = {isa = PBXBuildFile; fileRef = 65F6682123F04BCB00AA88B3 /* GifAPI.framework */; };
		65F6683323F04BCB00AA88B3 /* GifAPI.h in Headers */ = {isa = PBXBuildFile; fileRef = 65F6682323F04BCB00AA88B3 /* GifAPI.h */; settings = {ATTRIBUTES = (Public, ); }; };
		65F6683623F04BCB00AA88B3 /* GifAPI.framework in Frameworks */ = {isa = PBXBuildFile; fileRef = 65F6682123F04BCB00AA88B3 /* GifAPI.framework */; };
		65F6683723F04BCB00AA88B3 /* GifAPI.framework in Embed Frameworks */ = {isa = PBXBuildFile; fileRef = 65F6682123F04BCB00AA88B3 /* GifAPI.framework */; settings = {ATTRIBUTES = (CodeSignOnCopy, RemoveHeadersOnCopy, ); }; };
		B13F09D423FB2785001B625B /* RandomGifViewController.swift in Sources */ = {isa = PBXBuildFile; fileRef = B13F09D323FB2785001B625B /* RandomGifViewController.swift */; };
		B13F09D623FB279C001B625B /* RandomGifPresenter.swift in Sources */ = {isa = PBXBuildFile; fileRef = B13F09D523FB279C001B625B /* RandomGifPresenter.swift */; };
		B13F09D823FB27A5001B625B /* RandomGifBuilder.swift in Sources */ = {isa = PBXBuildFile; fileRef = B13F09D723FB27A5001B625B /* RandomGifBuilder.swift */; };
		B13F09DA23FB27DF001B625B /* RandomGifViewController.storyboard in Resources */ = {isa = PBXBuildFile; fileRef = B13F09D923FB27DF001B625B /* RandomGifViewController.storyboard */; };
		B1CE792823FC80630039CB86 /* GifCell.swift in Sources */ = {isa = PBXBuildFile; fileRef = B1CE792623FC80630039CB86 /* GifCell.swift */; };
		B1CE792923FC80630039CB86 /* GifCell.xib in Resources */ = {isa = PBXBuildFile; fileRef = B1CE792723FC80630039CB86 /* GifCell.xib */; };
		B1CE792B23FC80FA0039CB86 /* IdentifiableType.swift in Sources */ = {isa = PBXBuildFile; fileRef = B1CE792A23FC80FA0039CB86 /* IdentifiableType.swift */; };
		B1CE792D23FC81A70039CB86 /* UICollectionViewExtensions.swift in Sources */ = {isa = PBXBuildFile; fileRef = B1CE792C23FC81A70039CB86 /* UICollectionViewExtensions.swift */; };
		B1D4C89123FB300F00BB5918 /* UIViewControllerExtensions.swift in Sources */ = {isa = PBXBuildFile; fileRef = B1D4C89023FB300F00BB5918 /* UIViewControllerExtensions.swift */; };
		B1D4C89323FB41C500BB5918 /* Scheduler.swift in Sources */ = {isa = PBXBuildFile; fileRef = B1D4C89223FB41C500BB5918 /* Scheduler.swift */; };
		B1D4C89723FB441C00BB5918 /* GifPlayerPresenterTests.swift in Sources */ = {isa = PBXBuildFile; fileRef = B1D4C89623FB441C00BB5918 /* GifPlayerPresenterTests.swift */; };
		B1D4C89B23FB448F00BB5918 /* MockGifPlayerViewInput.swift in Sources */ = {isa = PBXBuildFile; fileRef = B1D4C89A23FB448F00BB5918 /* MockGifPlayerViewInput.swift */; };
		B1D4C89D23FB45A400BB5918 /* MockGifPlayerData.swift in Sources */ = {isa = PBXBuildFile; fileRef = B1D4C89C23FB45A400BB5918 /* MockGifPlayerData.swift */; };
		B1D4C89F23FB461E00BB5918 /* MockNotifier.swift in Sources */ = {isa = PBXBuildFile; fileRef = B1D4C89E23FB461E00BB5918 /* MockNotifier.swift */; };
		B1D4C8A123FB46C500BB5918 /* MockPlayer.swift in Sources */ = {isa = PBXBuildFile; fileRef = B1D4C8A023FB46C500BB5918 /* MockPlayer.swift */; };
		B1D4C8A723FC7A0100BB5918 /* GifSearchViewController.swift in Sources */ = {isa = PBXBuildFile; fileRef = B1D4C8A623FC7A0100BB5918 /* GifSearchViewController.swift */; };
		B1D4C8A923FC7A1B00BB5918 /* GifSearchViewController.storyboard in Resources */ = {isa = PBXBuildFile; fileRef = B1D4C8A823FC7A1B00BB5918 /* GifSearchViewController.storyboard */; };
		B1D4C8AB23FC7A7C00BB5918 /* GifSearchPresenter.swift in Sources */ = {isa = PBXBuildFile; fileRef = B1D4C8AA23FC7A7C00BB5918 /* GifSearchPresenter.swift */; };
		B1D4C8AD23FC7AFA00BB5918 /* GifSearchBuilder.swift in Sources */ = {isa = PBXBuildFile; fileRef = B1D4C8AC23FC7AFA00BB5918 /* GifSearchBuilder.swift */; };
		B1D4C8B323FC7D9100BB5918 /* GifSearchResultsViewController.swift in Sources */ = {isa = PBXBuildFile; fileRef = B1D4C8B223FC7D9100BB5918 /* GifSearchResultsViewController.swift */; };
		B1D4C8B523FC7DA700BB5918 /* GifSearchResultsViewController.storyboard in Resources */ = {isa = PBXBuildFile; fileRef = B1D4C8B423FC7DA700BB5918 /* GifSearchResultsViewController.storyboard */; };
		B1D4C8B723FC7DE700BB5918 /* GifSearchResultsPresenter.swift in Sources */ = {isa = PBXBuildFile; fileRef = B1D4C8B623FC7DE700BB5918 /* GifSearchResultsPresenter.swift */; };
		B1D4C8B923FC7DF200BB5918 /* GifSearchResultsBuilder.swift in Sources */ = {isa = PBXBuildFile; fileRef = B1D4C8B823FC7DF200BB5918 /* GifSearchResultsBuilder.swift */; };
/* End PBXBuildFile section */

/* Begin PBXContainerItemProxy section */
		656CFB5423F54BD00097A1B5 /* PBXContainerItemProxy */ = {
			isa = PBXContainerItemProxy;
			containerPortal = 65F667EF23F0498900AA88B3 /* Project object */;
			proxyType = 1;
			remoteGlobalIDString = 656CFB4923F54BD00097A1B5;
			remoteInfo = GiphySearchUI;
		};
		656CFB5623F54BD00097A1B5 /* PBXContainerItemProxy */ = {
			isa = PBXContainerItemProxy;
			containerPortal = 65F667EF23F0498900AA88B3 /* Project object */;
			proxyType = 1;
			remoteGlobalIDString = 65F667F623F0498900AA88B3;
			remoteInfo = GiphySearchChallenge;
		};
		656CFB5D23F54BD00097A1B5 /* PBXContainerItemProxy */ = {
			isa = PBXContainerItemProxy;
			containerPortal = 65F667EF23F0498900AA88B3 /* Project object */;
			proxyType = 1;
			remoteGlobalIDString = 656CFB4923F54BD00097A1B5;
			remoteInfo = GiphySearchUI;
		};
		65F6680E23F0498A00AA88B3 /* PBXContainerItemProxy */ = {
			isa = PBXContainerItemProxy;
			containerPortal = 65F667EF23F0498900AA88B3 /* Project object */;
			proxyType = 1;
			remoteGlobalIDString = 65F667F623F0498900AA88B3;
			remoteInfo = GiphySearchChallenge;
		};
		65F6682B23F04BCB00AA88B3 /* PBXContainerItemProxy */ = {
			isa = PBXContainerItemProxy;
			containerPortal = 65F667EF23F0498900AA88B3 /* Project object */;
			proxyType = 1;
			remoteGlobalIDString = 65F6682023F04BCB00AA88B3;
			remoteInfo = GifAPI;
		};
		65F6682D23F04BCB00AA88B3 /* PBXContainerItemProxy */ = {
			isa = PBXContainerItemProxy;
			containerPortal = 65F667EF23F0498900AA88B3 /* Project object */;
			proxyType = 1;
			remoteGlobalIDString = 65F667F623F0498900AA88B3;
			remoteInfo = GiphySearchChallenge;
		};
		65F6683423F04BCB00AA88B3 /* PBXContainerItemProxy */ = {
			isa = PBXContainerItemProxy;
			containerPortal = 65F667EF23F0498900AA88B3 /* Project object */;
			proxyType = 1;
			remoteGlobalIDString = 65F6682023F04BCB00AA88B3;
			remoteInfo = GifAPI;
		};
/* End PBXContainerItemProxy section */

/* Begin PBXCopyFilesBuildPhase section */
		65F6683B23F04BCB00AA88B3 /* Embed Frameworks */ = {
			isa = PBXCopyFilesBuildPhase;
			buildActionMask = 2147483647;
			dstPath = "";
			dstSubfolderSpec = 10;
			files = (
				656CFB6023F54BD00097A1B5 /* GiphySearchUI.framework in Embed Frameworks */,
				65F6683723F04BCB00AA88B3 /* GifAPI.framework in Embed Frameworks */,
			);
			name = "Embed Frameworks";
			runOnlyForDeploymentPostprocessing = 0;
		};
/* End PBXCopyFilesBuildPhase section */

/* Begin PBXFileReference section */
		6562FD1023F0A6B700E2CEAD /* IntExtensions.swift */ = {isa = PBXFileReference; lastKnownFileType = sourcecode.swift; path = IntExtensions.swift; sourceTree = "<group>"; };
		6562FD1223F0A6D400E2CEAD /* URLExtensions.swift */ = {isa = PBXFileReference; lastKnownFileType = sourcecode.swift; path = URLExtensions.swift; sourceTree = "<group>"; };
		6562FD1423F0A6EB00E2CEAD /* StringExtensions.swift */ = {isa = PBXFileReference; lastKnownFileType = sourcecode.swift; path = StringExtensions.swift; sourceTree = "<group>"; };
		6562FD1623F0A70100E2CEAD /* URLSessionExtensions.swift */ = {isa = PBXFileReference; lastKnownFileType = sourcecode.swift; path = URLSessionExtensions.swift; sourceTree = "<group>"; };
		6562FD1923F0A72B00E2CEAD /* URLQueryParameterStringConvertible.swift */ = {isa = PBXFileReference; lastKnownFileType = sourcecode.swift; path = URLQueryParameterStringConvertible.swift; sourceTree = "<group>"; };
		6562FD1B23F0A75000E2CEAD /* Network.swift */ = {isa = PBXFileReference; lastKnownFileType = sourcecode.swift; path = Network.swift; sourceTree = "<group>"; };
		6562FD1F23F0A7C800E2CEAD /* Gif.swift */ = {isa = PBXFileReference; lastKnownFileType = sourcecode.swift; path = Gif.swift; sourceTree = "<group>"; };
		6562FD2223F0A81500E2CEAD /* GiphyAPIResponse.swift */ = {isa = PBXFileReference; lastKnownFileType = sourcecode.swift; path = GiphyAPIResponse.swift; sourceTree = "<group>"; };
		6562FD2423F0A84500E2CEAD /* GiphyRequestFactory.swift */ = {isa = PBXFileReference; lastKnownFileType = sourcecode.swift; path = GiphyRequestFactory.swift; sourceTree = "<group>"; };
		6562FD2623F0A86600E2CEAD /* GiphyAPI.swift */ = {isa = PBXFileReference; lastKnownFileType = sourcecode.swift; path = GiphyAPI.swift; sourceTree = "<group>"; };
		656CFB4A23F54BD00097A1B5 /* GiphySearchUI.framework */ = {isa = PBXFileReference; explicitFileType = wrapper.framework; includeInIndex = 0; path = GiphySearchUI.framework; sourceTree = BUILT_PRODUCTS_DIR; };
		656CFB4C23F54BD00097A1B5 /* GiphySearchUI.h */ = {isa = PBXFileReference; lastKnownFileType = sourcecode.c.h; path = GiphySearchUI.h; sourceTree = "<group>"; };
		656CFB4D23F54BD00097A1B5 /* Info.plist */ = {isa = PBXFileReference; lastKnownFileType = text.plist.xml; path = Info.plist; sourceTree = "<group>"; };
		656CFB5223F54BD00097A1B5 /* GiphySearchUITests.xctest */ = {isa = PBXFileReference; explicitFileType = wrapper.cfbundle; includeInIndex = 0; path = GiphySearchUITests.xctest; sourceTree = BUILT_PRODUCTS_DIR; };
		656CFB5B23F54BD00097A1B5 /* Info.plist */ = {isa = PBXFileReference; lastKnownFileType = text.plist.xml; path = Info.plist; sourceTree = "<group>"; };
		656CFB6D23F54DBA0097A1B5 /* GifPlayerViewController.swift */ = {isa = PBXFileReference; lastKnownFileType = sourcecode.swift; path = GifPlayerViewController.swift; sourceTree = "<group>"; };
		656CFB6F23F54DD20097A1B5 /* GifPlayerViewController.storyboard */ = {isa = PBXFileReference; lastKnownFileType = file.storyboard; path = GifPlayerViewController.storyboard; sourceTree = "<group>"; };
		656CFB7323F54E350097A1B5 /* StoryboardInstantiable.swift */ = {isa = PBXFileReference; lastKnownFileType = sourcecode.swift; path = StoryboardInstantiable.swift; sourceTree = "<group>"; };
		656CFB7623F54EE80097A1B5 /* GifPlayerBuilder.swift */ = {isa = PBXFileReference; lastKnownFileType = sourcecode.swift; path = GifPlayerBuilder.swift; sourceTree = "<group>"; };
		6576638D23F559E1007A4CBC /* GifPlayerPresenter.swift */ = {isa = PBXFileReference; lastKnownFileType = sourcecode.swift; path = GifPlayerPresenter.swift; sourceTree = "<group>"; };
		6576638F23F562A8007A4CBC /* Notifier.swift */ = {isa = PBXFileReference; lastKnownFileType = sourcecode.swift; path = Notifier.swift; sourceTree = "<group>"; };
		6576639123F563A4007A4CBC /* Player.swift */ = {isa = PBXFileReference; lastKnownFileType = sourcecode.swift; path = Player.swift; sourceTree = "<group>"; };
		658F317C23F4681200918473 /* MockNetwork.swift */ = {isa = PBXFileReference; lastKnownFileType = sourcecode.swift; path = MockNetwork.swift; sourceTree = "<group>"; };
		658F317E23F4686900918473 /* MockNetworkTask.swift */ = {isa = PBXFileReference; lastKnownFileType = sourcecode.swift; path = MockNetworkTask.swift; sourceTree = "<group>"; };
		658F318123F4692700918473 /* GiphyAPITests.swift */ = {isa = PBXFileReference; lastKnownFileType = sourcecode.swift; path = GiphyAPITests.swift; sourceTree = "<group>"; };
		658F318423F46E7400918473 /* RandomGifResponse.json */ = {isa = PBXFileReference; fileEncoding = 4; lastKnownFileType = text.json; path = RandomGifResponse.json; sourceTree = "<group>"; };
		658F318523F46E7400918473 /* SearchGifResponse.json */ = {isa = PBXFileReference; fileEncoding = 4; lastKnownFileType = text.json; path = SearchGifResponse.json; sourceTree = "<group>"; };
		658F318923F4774600918473 /* DataExtensions.swift */ = {isa = PBXFileReference; lastKnownFileType = sourcecode.swift; path = DataExtensions.swift; sourceTree = "<group>"; };
		6596E65723F04F2700D1E621 /* GifAPIPlayground.playground */ = {isa = PBXFileReference; lastKnownFileType = file.playground; path = GifAPIPlayground.playground; sourceTree = "<group>"; xcLanguageSpecificationIdentifier = xcode.lang.swift; };
		659F495B23F27FE3003B562D /* GifAPI.swift */ = {isa = PBXFileReference; lastKnownFileType = sourcecode.swift; path = GifAPI.swift; sourceTree = "<group>"; };
		65CAD3A623F54FD4001C7240 /* GiphySearchUIPlayground.playground */ = {isa = PBXFileReference; lastKnownFileType = file.playground; path = GiphySearchUIPlayground.playground; sourceTree = "<group>"; xcLanguageSpecificationIdentifier = xcode.lang.swift; };
		65F667F723F0498900AA88B3 /* GiphySearchChallenge.app */ = {isa = PBXFileReference; explicitFileType = wrapper.application; includeInIndex = 0; path = GiphySearchChallenge.app; sourceTree = BUILT_PRODUCTS_DIR; };
		65F667FA23F0498900AA88B3 /* AppDelegate.swift */ = {isa = PBXFileReference; lastKnownFileType = sourcecode.swift; path = AppDelegate.swift; sourceTree = "<group>"; };
		65F667FE23F0498900AA88B3 /* ViewController.swift */ = {isa = PBXFileReference; lastKnownFileType = sourcecode.swift; path = ViewController.swift; sourceTree = "<group>"; };
		65F6680123F0498900AA88B3 /* Base */ = {isa = PBXFileReference; lastKnownFileType = file.storyboard; name = Base; path = Base.lproj/Main.storyboard; sourceTree = "<group>"; };
		65F6680323F0498A00AA88B3 /* Assets.xcassets */ = {isa = PBXFileReference; lastKnownFileType = folder.assetcatalog; path = Assets.xcassets; sourceTree = "<group>"; };
		65F6680623F0498A00AA88B3 /* Base */ = {isa = PBXFileReference; lastKnownFileType = file.storyboard; name = Base; path = Base.lproj/LaunchScreen.storyboard; sourceTree = "<group>"; };
		65F6680823F0498A00AA88B3 /* Info.plist */ = {isa = PBXFileReference; lastKnownFileType = text.plist.xml; path = Info.plist; sourceTree = "<group>"; };
		65F6680D23F0498A00AA88B3 /* GiphySearchChallengeTests.xctest */ = {isa = PBXFileReference; explicitFileType = wrapper.cfbundle; includeInIndex = 0; path = GiphySearchChallengeTests.xctest; sourceTree = BUILT_PRODUCTS_DIR; };
		65F6681123F0498A00AA88B3 /* GiphySearchChallengeTests.swift */ = {isa = PBXFileReference; lastKnownFileType = sourcecode.swift; path = GiphySearchChallengeTests.swift; sourceTree = "<group>"; };
		65F6681323F0498A00AA88B3 /* Info.plist */ = {isa = PBXFileReference; lastKnownFileType = text.plist.xml; path = Info.plist; sourceTree = "<group>"; };
		65F6682123F04BCB00AA88B3 /* GifAPI.framework */ = {isa = PBXFileReference; explicitFileType = wrapper.framework; includeInIndex = 0; path = GifAPI.framework; sourceTree = BUILT_PRODUCTS_DIR; };
		65F6682323F04BCB00AA88B3 /* GifAPI.h */ = {isa = PBXFileReference; lastKnownFileType = sourcecode.c.h; path = GifAPI.h; sourceTree = "<group>"; };
		65F6682423F04BCB00AA88B3 /* Info.plist */ = {isa = PBXFileReference; lastKnownFileType = text.plist.xml; path = Info.plist; sourceTree = "<group>"; };
		65F6682923F04BCB00AA88B3 /* GifAPITests.xctest */ = {isa = PBXFileReference; explicitFileType = wrapper.cfbundle; includeInIndex = 0; path = GifAPITests.xctest; sourceTree = BUILT_PRODUCTS_DIR; };
		65F6683223F04BCB00AA88B3 /* Info.plist */ = {isa = PBXFileReference; lastKnownFileType = text.plist.xml; path = Info.plist; sourceTree = "<group>"; };
		B13F09D323FB2785001B625B /* RandomGifViewController.swift */ = {isa = PBXFileReference; lastKnownFileType = sourcecode.swift; path = RandomGifViewController.swift; sourceTree = "<group>"; };
		B13F09D523FB279C001B625B /* RandomGifPresenter.swift */ = {isa = PBXFileReference; lastKnownFileType = sourcecode.swift; path = RandomGifPresenter.swift; sourceTree = "<group>"; };
		B13F09D723FB27A5001B625B /* RandomGifBuilder.swift */ = {isa = PBXFileReference; lastKnownFileType = sourcecode.swift; path = RandomGifBuilder.swift; sourceTree = "<group>"; };
		B13F09D923FB27DF001B625B /* RandomGifViewController.storyboard */ = {isa = PBXFileReference; lastKnownFileType = file.storyboard; path = RandomGifViewController.storyboard; sourceTree = "<group>"; };
		B1CE792623FC80630039CB86 /* GifCell.swift */ = {isa = PBXFileReference; lastKnownFileType = sourcecode.swift; path = GifCell.swift; sourceTree = "<group>"; };
		B1CE792723FC80630039CB86 /* GifCell.xib */ = {isa = PBXFileReference; lastKnownFileType = file.xib; path = GifCell.xib; sourceTree = "<group>"; };
		B1CE792A23FC80FA0039CB86 /* IdentifiableType.swift */ = {isa = PBXFileReference; lastKnownFileType = sourcecode.swift; path = IdentifiableType.swift; sourceTree = "<group>"; };
		B1CE792C23FC81A70039CB86 /* UICollectionViewExtensions.swift */ = {isa = PBXFileReference; lastKnownFileType = sourcecode.swift; path = UICollectionViewExtensions.swift; sourceTree = "<group>"; };
		B1D4C89023FB300F00BB5918 /* UIViewControllerExtensions.swift */ = {isa = PBXFileReference; lastKnownFileType = sourcecode.swift; path = UIViewControllerExtensions.swift; sourceTree = "<group>"; };
		B1D4C89223FB41C500BB5918 /* Scheduler.swift */ = {isa = PBXFileReference; lastKnownFileType = sourcecode.swift; path = Scheduler.swift; sourceTree = "<group>"; };
		B1D4C89623FB441C00BB5918 /* GifPlayerPresenterTests.swift */ = {isa = PBXFileReference; lastKnownFileType = sourcecode.swift; path = GifPlayerPresenterTests.swift; sourceTree = "<group>"; };
		B1D4C89A23FB448F00BB5918 /* MockGifPlayerViewInput.swift */ = {isa = PBXFileReference; lastKnownFileType = sourcecode.swift; path = MockGifPlayerViewInput.swift; sourceTree = "<group>"; };
		B1D4C89C23FB45A400BB5918 /* MockGifPlayerData.swift */ = {isa = PBXFileReference; lastKnownFileType = sourcecode.swift; path = MockGifPlayerData.swift; sourceTree = "<group>"; };
		B1D4C89E23FB461E00BB5918 /* MockNotifier.swift */ = {isa = PBXFileReference; lastKnownFileType = sourcecode.swift; path = MockNotifier.swift; sourceTree = "<group>"; };
		B1D4C8A023FB46C500BB5918 /* MockPlayer.swift */ = {isa = PBXFileReference; lastKnownFileType = sourcecode.swift; path = MockPlayer.swift; sourceTree = "<group>"; };
		B1D4C8A623FC7A0100BB5918 /* GifSearchViewController.swift */ = {isa = PBXFileReference; lastKnownFileType = sourcecode.swift; path = GifSearchViewController.swift; sourceTree = "<group>"; };
		B1D4C8A823FC7A1B00BB5918 /* GifSearchViewController.storyboard */ = {isa = PBXFileReference; lastKnownFileType = file.storyboard; path = GifSearchViewController.storyboard; sourceTree = "<group>"; };
		B1D4C8AA23FC7A7C00BB5918 /* GifSearchPresenter.swift */ = {isa = PBXFileReference; lastKnownFileType = sourcecode.swift; path = GifSearchPresenter.swift; sourceTree = "<group>"; };
		B1D4C8AC23FC7AFA00BB5918 /* GifSearchBuilder.swift */ = {isa = PBXFileReference; lastKnownFileType = sourcecode.swift; path = GifSearchBuilder.swift; sourceTree = "<group>"; };
		B1D4C8B223FC7D9100BB5918 /* GifSearchResultsViewController.swift */ = {isa = PBXFileReference; lastKnownFileType = sourcecode.swift; path = GifSearchResultsViewController.swift; sourceTree = "<group>"; };
		B1D4C8B423FC7DA700BB5918 /* GifSearchResultsViewController.storyboard */ = {isa = PBXFileReference; lastKnownFileType = file.storyboard; path = GifSearchResultsViewController.storyboard; sourceTree = "<group>"; };
		B1D4C8B623FC7DE700BB5918 /* GifSearchResultsPresenter.swift */ = {isa = PBXFileReference; lastKnownFileType = sourcecode.swift; path = GifSearchResultsPresenter.swift; sourceTree = "<group>"; };
		B1D4C8B823FC7DF200BB5918 /* GifSearchResultsBuilder.swift */ = {isa = PBXFileReference; lastKnownFileType = sourcecode.swift; path = GifSearchResultsBuilder.swift; sourceTree = "<group>"; };
/* End PBXFileReference section */

/* Begin PBXFrameworksBuildPhase section */
		656CFB4723F54BD00097A1B5 /* Frameworks */ = {
			isa = PBXFrameworksBuildPhase;
			buildActionMask = 2147483647;
			files = (
			);
			runOnlyForDeploymentPostprocessing = 0;
		};
		656CFB4F23F54BD00097A1B5 /* Frameworks */ = {
			isa = PBXFrameworksBuildPhase;
			buildActionMask = 2147483647;
			files = (
				656CFB5323F54BD00097A1B5 /* GiphySearchUI.framework in Frameworks */,
			);
			runOnlyForDeploymentPostprocessing = 0;
		};
		65F667F423F0498900AA88B3 /* Frameworks */ = {
			isa = PBXFrameworksBuildPhase;
			buildActionMask = 2147483647;
			files = (
				656CFB5F23F54BD00097A1B5 /* GiphySearchUI.framework in Frameworks */,
				65F6683623F04BCB00AA88B3 /* GifAPI.framework in Frameworks */,
			);
			runOnlyForDeploymentPostprocessing = 0;
		};
		65F6680A23F0498A00AA88B3 /* Frameworks */ = {
			isa = PBXFrameworksBuildPhase;
			buildActionMask = 2147483647;
			files = (
			);
			runOnlyForDeploymentPostprocessing = 0;
		};
		65F6681E23F04BCB00AA88B3 /* Frameworks */ = {
			isa = PBXFrameworksBuildPhase;
			buildActionMask = 2147483647;
			files = (
			);
			runOnlyForDeploymentPostprocessing = 0;
		};
		65F6682623F04BCB00AA88B3 /* Frameworks */ = {
			isa = PBXFrameworksBuildPhase;
			buildActionMask = 2147483647;
			files = (
				65F6682A23F04BCB00AA88B3 /* GifAPI.framework in Frameworks */,
			);
			runOnlyForDeploymentPostprocessing = 0;
		};
/* End PBXFrameworksBuildPhase section */

/* Begin PBXGroup section */
		650F5E1323F5929800AA885E /* RandomGifViewController */ = {
			isa = PBXGroup;
			children = (
				B13F09D023FB2751001B625B /* View */,
				B13F09D123FB2756001B625B /* Presenter */,
				B13F09D223FB275D001B625B /* Builder */,
			);
			path = RandomGifViewController;
			sourceTree = "<group>";
		};
		6562FD0F23F0A69600E2CEAD /* Extensions */ = {
			isa = PBXGroup;
			children = (
				6562FD1023F0A6B700E2CEAD /* IntExtensions.swift */,
				6562FD1223F0A6D400E2CEAD /* URLExtensions.swift */,
				6562FD1423F0A6EB00E2CEAD /* StringExtensions.swift */,
				6562FD1623F0A70100E2CEAD /* URLSessionExtensions.swift */,
			);
			path = Extensions;
			sourceTree = "<group>";
		};
		6562FD1823F0A71E00E2CEAD /* Protocols */ = {
			isa = PBXGroup;
			children = (
				6562FD1B23F0A75000E2CEAD /* Network.swift */,
				6562FD1923F0A72B00E2CEAD /* URLQueryParameterStringConvertible.swift */,
			);
			path = Protocols;
			sourceTree = "<group>";
		};
		6562FD1D23F0A79F00E2CEAD /* GiphyAPI */ = {
			isa = PBXGroup;
			children = (
				6562FD2623F0A86600E2CEAD /* GiphyAPI.swift */,
				6562FD2423F0A84500E2CEAD /* GiphyRequestFactory.swift */,
				6562FD2123F0A80900E2CEAD /* Response */,
				6562FD1E23F0A7BB00E2CEAD /* Models */,
			);
			path = GiphyAPI;
			sourceTree = "<group>";
		};
		6562FD1E23F0A7BB00E2CEAD /* Models */ = {
			isa = PBXGroup;
			children = (
				6562FD1F23F0A7C800E2CEAD /* Gif.swift */,
			);
			path = Models;
			sourceTree = "<group>";
		};
		6562FD2123F0A80900E2CEAD /* Response */ = {
			isa = PBXGroup;
			children = (
				6562FD2223F0A81500E2CEAD /* GiphyAPIResponse.swift */,
			);
			path = Response;
			sourceTree = "<group>";
		};
		656CFB4B23F54BD00097A1B5 /* GiphySearchUI */ = {
			isa = PBXGroup;
			children = (
				65CAD3A623F54FD4001C7240 /* GiphySearchUIPlayground.playground */,
				656CFB6723F54C2D0097A1B5 /* Sources */,
				656CFB6823F54C3F0097A1B5 /* SupportingFiles */,
			);
			path = GiphySearchUI;
			sourceTree = "<group>";
		};
		656CFB5823F54BD00097A1B5 /* GiphySearchUITests */ = {
			isa = PBXGroup;
			children = (
				656CFB6923F54C4F0097A1B5 /* Sources */,
				656CFB6A23F54C590097A1B5 /* SupportingFiles */,
			);
			path = GiphySearchUITests;
			sourceTree = "<group>";
		};
		656CFB6723F54C2D0097A1B5 /* Sources */ = {
			isa = PBXGroup;
			children = (
				B1D4C8A223FC796F00BB5918 /* GifSearchController */,
				B1D4C8AE23FC7D5200BB5918 /* GifSearchResultsViewController */,
				650F5E1323F5929800AA885E /* RandomGifViewController */,
				656CFB6C23F54D920097A1B5 /* GifPlayerViewController */,
				656CFB7223F54DFD0097A1B5 /* Protocols */,
				B1D4C88F23FB300000BB5918 /* Extensions */,
			);
			path = Sources;
			sourceTree = "<group>";
		};
		656CFB6823F54C3F0097A1B5 /* SupportingFiles */ = {
			isa = PBXGroup;
			children = (
				656CFB4C23F54BD00097A1B5 /* GiphySearchUI.h */,
				656CFB4D23F54BD00097A1B5 /* Info.plist */,
			);
			path = SupportingFiles;
			sourceTree = "<group>";
		};
		656CFB6923F54C4F0097A1B5 /* Sources */ = {
			isa = PBXGroup;
			children = (
				B1D4C89423FB43EA00BB5918 /* GifPlayerViewControllerTests */,
				B1D4C89923FB447400BB5918 /* Mocks */,
			);
			path = Sources;
			sourceTree = "<group>";
		};
		656CFB6A23F54C590097A1B5 /* SupportingFiles */ = {
			isa = PBXGroup;
			children = (
				656CFB5B23F54BD00097A1B5 /* Info.plist */,
			);
			path = SupportingFiles;
			sourceTree = "<group>";
		};
		656CFB6C23F54D920097A1B5 /* GifPlayerViewController */ = {
			isa = PBXGroup;
			children = (
				656CFB7123F54DE70097A1B5 /* View */,
				6576638C23F559CA007A4CBC /* Presenter */,
				656CFB7523F54E600097A1B5 /* Builder */,
			);
			path = GifPlayerViewController;
			sourceTree = "<group>";
		};
		656CFB7123F54DE70097A1B5 /* View */ = {
			isa = PBXGroup;
			children = (
				656CFB6D23F54DBA0097A1B5 /* GifPlayerViewController.swift */,
				656CFB6F23F54DD20097A1B5 /* GifPlayerViewController.storyboard */,
			);
			path = View;
			sourceTree = "<group>";
		};
		656CFB7223F54DFD0097A1B5 /* Protocols */ = {
			isa = PBXGroup;
			children = (
				656CFB7323F54E350097A1B5 /* StoryboardInstantiable.swift */,
				6576638F23F562A8007A4CBC /* Notifier.swift */,
				6576639123F563A4007A4CBC /* Player.swift */,
				B1D4C89223FB41C500BB5918 /* Scheduler.swift */,
				B1CE792A23FC80FA0039CB86 /* IdentifiableType.swift */,
			);
			path = Protocols;
			sourceTree = "<group>";
		};
		656CFB7523F54E600097A1B5 /* Builder */ = {
			isa = PBXGroup;
			children = (
				656CFB7623F54EE80097A1B5 /* GifPlayerBuilder.swift */,
			);
			path = Builder;
			sourceTree = "<group>";
		};
		6576638C23F559CA007A4CBC /* Presenter */ = {
			isa = PBXGroup;
			children = (
				6576638D23F559E1007A4CBC /* GifPlayerPresenter.swift */,
			);
			path = Presenter;
			sourceTree = "<group>";
		};
		658F317B23F467FD00918473 /* Mocks */ = {
			isa = PBXGroup;
			children = (
				658F317C23F4681200918473 /* MockNetwork.swift */,
				658F317E23F4686900918473 /* MockNetworkTask.swift */,
			);
			path = Mocks;
			sourceTree = "<group>";
		};
		658F318023F4691300918473 /* GiphyAPI */ = {
			isa = PBXGroup;
			children = (
				658F318123F4692700918473 /* GiphyAPITests.swift */,
			);
			path = GiphyAPI;
			sourceTree = "<group>";
		};
		658F318323F46D5A00918473 /* Fixtures */ = {
			isa = PBXGroup;
			children = (
				658F318423F46E7400918473 /* RandomGifResponse.json */,
				658F318523F46E7400918473 /* SearchGifResponse.json */,
			);
			path = Fixtures;
			sourceTree = "<group>";
		};
		658F318823F4773500918473 /* Helpers */ = {
			isa = PBXGroup;
			children = (
				658F318923F4774600918473 /* DataExtensions.swift */,
			);
			path = Helpers;
			sourceTree = "<group>";
		};
		65F667EE23F0498900AA88B3 = {
			isa = PBXGroup;
			children = (
				65F667F923F0498900AA88B3 /* GiphySearchChallenge */,
				65F6681023F0498A00AA88B3 /* GiphySearchChallengeTests */,
				656CFB4B23F54BD00097A1B5 /* GiphySearchUI */,
				656CFB5823F54BD00097A1B5 /* GiphySearchUITests */,
				65F6682223F04BCB00AA88B3 /* GifAPI */,
				65F6682F23F04BCB00AA88B3 /* GifAPITests */,
				65F667F823F0498900AA88B3 /* Products */,
			);
			sourceTree = "<group>";
		};
		65F667F823F0498900AA88B3 /* Products */ = {
			isa = PBXGroup;
			children = (
				65F667F723F0498900AA88B3 /* GiphySearchChallenge.app */,
				65F6680D23F0498A00AA88B3 /* GiphySearchChallengeTests.xctest */,
				65F6682123F04BCB00AA88B3 /* GifAPI.framework */,
				65F6682923F04BCB00AA88B3 /* GifAPITests.xctest */,
				656CFB4A23F54BD00097A1B5 /* GiphySearchUI.framework */,
				656CFB5223F54BD00097A1B5 /* GiphySearchUITests.xctest */,
			);
			name = Products;
			sourceTree = "<group>";
		};
		65F667F923F0498900AA88B3 /* GiphySearchChallenge */ = {
			isa = PBXGroup;
			children = (
				65F667FA23F0498900AA88B3 /* AppDelegate.swift */,
				65F667FE23F0498900AA88B3 /* ViewController.swift */,
				65F6680023F0498900AA88B3 /* Main.storyboard */,
				65F6680323F0498A00AA88B3 /* Assets.xcassets */,
				65F6680523F0498A00AA88B3 /* LaunchScreen.storyboard */,
				65F6680823F0498A00AA88B3 /* Info.plist */,
			);
			path = GiphySearchChallenge;
			sourceTree = "<group>";
		};
		65F6681023F0498A00AA88B3 /* GiphySearchChallengeTests */ = {
			isa = PBXGroup;
			children = (
				65F6681123F0498A00AA88B3 /* GiphySearchChallengeTests.swift */,
				65F6681323F0498A00AA88B3 /* Info.plist */,
			);
			path = GiphySearchChallengeTests;
			sourceTree = "<group>";
		};
		65F6682223F04BCB00AA88B3 /* GifAPI */ = {
			isa = PBXGroup;
			children = (
				6596E65723F04F2700D1E621 /* GifAPIPlayground.playground */,
				65F6683F23F04BD900AA88B3 /* Sources */,
				65F6684123F04C2000AA88B3 /* SupportingFiles */,
			);
			path = GifAPI;
			sourceTree = "<group>";
		};
		65F6682F23F04BCB00AA88B3 /* GifAPITests */ = {
			isa = PBXGroup;
			children = (
				65F6684023F04BE000AA88B3 /* Sources */,
				65F6684223F04C3C00AA88B3 /* SupportingFiles */,
			);
			path = GifAPITests;
			sourceTree = "<group>";
		};
		65F6683F23F04BD900AA88B3 /* Sources */ = {
			isa = PBXGroup;
			children = (
				659F495B23F27FE3003B562D /* GifAPI.swift */,
				6562FD1D23F0A79F00E2CEAD /* GiphyAPI */,
				6562FD1823F0A71E00E2CEAD /* Protocols */,
				6562FD0F23F0A69600E2CEAD /* Extensions */,
			);
			path = Sources;
			sourceTree = "<group>";
		};
		65F6684023F04BE000AA88B3 /* Sources */ = {
			isa = PBXGroup;
			children = (
				658F318023F4691300918473 /* GiphyAPI */,
				658F318823F4773500918473 /* Helpers */,
				658F318323F46D5A00918473 /* Fixtures */,
				658F317B23F467FD00918473 /* Mocks */,
			);
			path = Sources;
			sourceTree = "<group>";
		};
		65F6684123F04C2000AA88B3 /* SupportingFiles */ = {
			isa = PBXGroup;
			children = (
				65F6682323F04BCB00AA88B3 /* GifAPI.h */,
				65F6682423F04BCB00AA88B3 /* Info.plist */,
			);
			path = SupportingFiles;
			sourceTree = "<group>";
		};
		65F6684223F04C3C00AA88B3 /* SupportingFiles */ = {
			isa = PBXGroup;
			children = (
				65F6683223F04BCB00AA88B3 /* Info.plist */,
			);
			path = SupportingFiles;
			sourceTree = "<group>";
		};
		B13F09D023FB2751001B625B /* View */ = {
			isa = PBXGroup;
			children = (
				B13F09D323FB2785001B625B /* RandomGifViewController.swift */,
				B13F09D923FB27DF001B625B /* RandomGifViewController.storyboard */,
			);
			path = View;
			sourceTree = "<group>";
		};
		B13F09D123FB2756001B625B /* Presenter */ = {
			isa = PBXGroup;
			children = (
				B13F09D523FB279C001B625B /* RandomGifPresenter.swift */,
			);
			path = Presenter;
			sourceTree = "<group>";
		};
		B13F09D223FB275D001B625B /* Builder */ = {
			isa = PBXGroup;
			children = (
				B13F09D723FB27A5001B625B /* RandomGifBuilder.swift */,
			);
			path = Builder;
			sourceTree = "<group>";
		};
		B1CE792523FC80000039CB86 /* Cells */ = {
			isa = PBXGroup;
			children = (
				B1CE792623FC80630039CB86 /* GifCell.swift */,
				B1CE792723FC80630039CB86 /* GifCell.xib */,
			);
			path = Cells;
			sourceTree = "<group>";
		};
		B1D4C88F23FB300000BB5918 /* Extensions */ = {
			isa = PBXGroup;
			children = (
				B1D4C89023FB300F00BB5918 /* UIViewControllerExtensions.swift */,
				B1CE792C23FC81A70039CB86 /* UICollectionViewExtensions.swift */,
			);
			path = Extensions;
			sourceTree = "<group>";
		};
		B1D4C89423FB43EA00BB5918 /* GifPlayerViewControllerTests */ = {
			isa = PBXGroup;
			children = (
				B1D4C89523FB43F600BB5918 /* GifPlayerPresenterTests */,
			);
			path = GifPlayerViewControllerTests;
			sourceTree = "<group>";
		};
		B1D4C89523FB43F600BB5918 /* GifPlayerPresenterTests */ = {
			isa = PBXGroup;
			children = (
				B1D4C89623FB441C00BB5918 /* GifPlayerPresenterTests.swift */,
			);
			path = GifPlayerPresenterTests;
			sourceTree = "<group>";
		};
		B1D4C89923FB447400BB5918 /* Mocks */ = {
			isa = PBXGroup;
			children = (
				B1D4C8A023FB46C500BB5918 /* MockPlayer.swift */,
				B1D4C89E23FB461E00BB5918 /* MockNotifier.swift */,
				B1D4C89A23FB448F00BB5918 /* MockGifPlayerViewInput.swift */,
				B1D4C89C23FB45A400BB5918 /* MockGifPlayerData.swift */,
			);
			path = Mocks;
			sourceTree = "<group>";
		};
		B1D4C8A223FC796F00BB5918 /* GifSearchController */ = {
			isa = PBXGroup;
			children = (
				B1D4C8A323FC79D700BB5918 /* View */,
				B1D4C8A423FC79DC00BB5918 /* Presenter */,
				B1D4C8A523FC79E400BB5918 /* Builder */,
			);
			path = GifSearchController;
			sourceTree = "<group>";
		};
		B1D4C8A323FC79D700BB5918 /* View */ = {
			isa = PBXGroup;
			children = (
				B1D4C8A623FC7A0100BB5918 /* GifSearchViewController.swift */,
				B1D4C8A823FC7A1B00BB5918 /* GifSearchViewController.storyboard */,
			);
			path = View;
			sourceTree = "<group>";
		};
		B1D4C8A423FC79DC00BB5918 /* Presenter */ = {
			isa = PBXGroup;
			children = (
				B1D4C8AA23FC7A7C00BB5918 /* GifSearchPresenter.swift */,
			);
			path = Presenter;
			sourceTree = "<group>";
		};
		B1D4C8A523FC79E400BB5918 /* Builder */ = {
			isa = PBXGroup;
			children = (
				B1D4C8AC23FC7AFA00BB5918 /* GifSearchBuilder.swift */,
			);
			path = Builder;
			sourceTree = "<group>";
		};
		B1D4C8AE23FC7D5200BB5918 /* GifSearchResultsViewController */ = {
			isa = PBXGroup;
			children = (
				B1D4C8AF23FC7D6900BB5918 /* View */,
				B1D4C8B023FC7D6E00BB5918 /* Presenter */,
				B1D4C8B123FC7D7500BB5918 /* Builder */,
			);
			path = GifSearchResultsViewController;
			sourceTree = "<group>";
		};
		B1D4C8AF23FC7D6900BB5918 /* View */ = {
			isa = PBXGroup;
			children = (
				B1CE792523FC80000039CB86 /* Cells */,
				B1D4C8B223FC7D9100BB5918 /* GifSearchResultsViewController.swift */,
				B1D4C8B423FC7DA700BB5918 /* GifSearchResultsViewController.storyboard */,
			);
			path = View;
			sourceTree = "<group>";
		};
		B1D4C8B023FC7D6E00BB5918 /* Presenter */ = {
			isa = PBXGroup;
			children = (
				B1D4C8B623FC7DE700BB5918 /* GifSearchResultsPresenter.swift */,
			);
			path = Presenter;
			sourceTree = "<group>";
		};
		B1D4C8B123FC7D7500BB5918 /* Builder */ = {
			isa = PBXGroup;
			children = (
				B1D4C8B823FC7DF200BB5918 /* GifSearchResultsBuilder.swift */,
			);
			path = Builder;
			sourceTree = "<group>";
		};
/* End PBXGroup section */

/* Begin PBXHeadersBuildPhase section */
		656CFB4523F54BD00097A1B5 /* Headers */ = {
			isa = PBXHeadersBuildPhase;
			buildActionMask = 2147483647;
			files = (
				656CFB5C23F54BD00097A1B5 /* GiphySearchUI.h in Headers */,
			);
			runOnlyForDeploymentPostprocessing = 0;
		};
		65F6681C23F04BCB00AA88B3 /* Headers */ = {
			isa = PBXHeadersBuildPhase;
			buildActionMask = 2147483647;
			files = (
				65F6683323F04BCB00AA88B3 /* GifAPI.h in Headers */,
			);
			runOnlyForDeploymentPostprocessing = 0;
		};
/* End PBXHeadersBuildPhase section */

/* Begin PBXNativeTarget section */
		656CFB4923F54BD00097A1B5 /* GiphySearchUI */ = {
			isa = PBXNativeTarget;
			buildConfigurationList = 656CFB6523F54BD00097A1B5 /* Build configuration list for PBXNativeTarget "GiphySearchUI" */;
			buildPhases = (
				656CFB4523F54BD00097A1B5 /* Headers */,
				656CFB4623F54BD00097A1B5 /* Sources */,
				656CFB4723F54BD00097A1B5 /* Frameworks */,
				656CFB4823F54BD00097A1B5 /* Resources */,
			);
			buildRules = (
			);
			dependencies = (
			);
			name = GiphySearchUI;
			productName = GiphySearchUI;
			productReference = 656CFB4A23F54BD00097A1B5 /* GiphySearchUI.framework */;
			productType = "com.apple.product-type.framework";
		};
		656CFB5123F54BD00097A1B5 /* GiphySearchUITests */ = {
			isa = PBXNativeTarget;
			buildConfigurationList = 656CFB6623F54BD00097A1B5 /* Build configuration list for PBXNativeTarget "GiphySearchUITests" */;
			buildPhases = (
				656CFB4E23F54BD00097A1B5 /* Sources */,
				656CFB4F23F54BD00097A1B5 /* Frameworks */,
				656CFB5023F54BD00097A1B5 /* Resources */,
			);
			buildRules = (
			);
			dependencies = (
				656CFB5523F54BD00097A1B5 /* PBXTargetDependency */,
				656CFB5723F54BD00097A1B5 /* PBXTargetDependency */,
			);
			name = GiphySearchUITests;
			productName = GiphySearchUITests;
			productReference = 656CFB5223F54BD00097A1B5 /* GiphySearchUITests.xctest */;
			productType = "com.apple.product-type.bundle.unit-test";
		};
		65F667F623F0498900AA88B3 /* GiphySearchChallenge */ = {
			isa = PBXNativeTarget;
			buildConfigurationList = 65F6681623F0498A00AA88B3 /* Build configuration list for PBXNativeTarget "GiphySearchChallenge" */;
			buildPhases = (
				65F667F323F0498900AA88B3 /* Sources */,
				65F667F423F0498900AA88B3 /* Frameworks */,
				65F667F523F0498900AA88B3 /* Resources */,
				65F6683B23F04BCB00AA88B3 /* Embed Frameworks */,
			);
			buildRules = (
			);
			dependencies = (
				65F6683523F04BCB00AA88B3 /* PBXTargetDependency */,
				656CFB5E23F54BD00097A1B5 /* PBXTargetDependency */,
			);
			name = GiphySearchChallenge;
			productName = GiphySearchChallenge;
			productReference = 65F667F723F0498900AA88B3 /* GiphySearchChallenge.app */;
			productType = "com.apple.product-type.application";
		};
		65F6680C23F0498A00AA88B3 /* GiphySearchChallengeTests */ = {
			isa = PBXNativeTarget;
			buildConfigurationList = 65F6681923F0498A00AA88B3 /* Build configuration list for PBXNativeTarget "GiphySearchChallengeTests" */;
			buildPhases = (
				65F6680923F0498A00AA88B3 /* Sources */,
				65F6680A23F0498A00AA88B3 /* Frameworks */,
				65F6680B23F0498A00AA88B3 /* Resources */,
			);
			buildRules = (
			);
			dependencies = (
				65F6680F23F0498A00AA88B3 /* PBXTargetDependency */,
			);
			name = GiphySearchChallengeTests;
			productName = GiphySearchChallengeTests;
			productReference = 65F6680D23F0498A00AA88B3 /* GiphySearchChallengeTests.xctest */;
			productType = "com.apple.product-type.bundle.unit-test";
		};
		65F6682023F04BCB00AA88B3 /* GifAPI */ = {
			isa = PBXNativeTarget;
			buildConfigurationList = 65F6683823F04BCB00AA88B3 /* Build configuration list for PBXNativeTarget "GifAPI" */;
			buildPhases = (
				65F6681C23F04BCB00AA88B3 /* Headers */,
				65F6681D23F04BCB00AA88B3 /* Sources */,
				65F6681E23F04BCB00AA88B3 /* Frameworks */,
				65F6681F23F04BCB00AA88B3 /* Resources */,
			);
			buildRules = (
			);
			dependencies = (
			);
			name = GifAPI;
			productName = GifAPI;
			productReference = 65F6682123F04BCB00AA88B3 /* GifAPI.framework */;
			productType = "com.apple.product-type.framework";
		};
		65F6682823F04BCB00AA88B3 /* GifAPITests */ = {
			isa = PBXNativeTarget;
			buildConfigurationList = 65F6683C23F04BCB00AA88B3 /* Build configuration list for PBXNativeTarget "GifAPITests" */;
			buildPhases = (
				65F6682523F04BCB00AA88B3 /* Sources */,
				65F6682623F04BCB00AA88B3 /* Frameworks */,
				65F6682723F04BCB00AA88B3 /* Resources */,
			);
			buildRules = (
			);
			dependencies = (
				65F6682C23F04BCB00AA88B3 /* PBXTargetDependency */,
				65F6682E23F04BCB00AA88B3 /* PBXTargetDependency */,
			);
			name = GifAPITests;
			productName = GifAPITests;
			productReference = 65F6682923F04BCB00AA88B3 /* GifAPITests.xctest */;
			productType = "com.apple.product-type.bundle.unit-test";
		};
/* End PBXNativeTarget section */

/* Begin PBXProject section */
		65F667EF23F0498900AA88B3 /* Project object */ = {
			isa = PBXProject;
			attributes = {
				LastSwiftUpdateCheck = 1130;
				LastUpgradeCheck = 1130;
				ORGANIZATIONNAME = DmitriiCelpan;
				TargetAttributes = {
					656CFB4923F54BD00097A1B5 = {
						CreatedOnToolsVersion = 11.3.1;
						LastSwiftMigration = 1130;
					};
					656CFB5123F54BD00097A1B5 = {
						CreatedOnToolsVersion = 11.3.1;
						TestTargetID = 65F667F623F0498900AA88B3;
					};
					65F667F623F0498900AA88B3 = {
						CreatedOnToolsVersion = 11.3.1;
					};
					65F6680C23F0498A00AA88B3 = {
						CreatedOnToolsVersion = 11.3.1;
						TestTargetID = 65F667F623F0498900AA88B3;
					};
					65F6682023F04BCB00AA88B3 = {
						CreatedOnToolsVersion = 11.3.1;
						LastSwiftMigration = 1130;
					};
					65F6682823F04BCB00AA88B3 = {
						CreatedOnToolsVersion = 11.3.1;
						TestTargetID = 65F667F623F0498900AA88B3;
					};
				};
			};
			buildConfigurationList = 65F667F223F0498900AA88B3 /* Build configuration list for PBXProject "GiphySearchChallenge" */;
			compatibilityVersion = "Xcode 9.3";
			developmentRegion = en;
			hasScannedForEncodings = 0;
			knownRegions = (
				en,
				Base,
			);
			mainGroup = 65F667EE23F0498900AA88B3;
			productRefGroup = 65F667F823F0498900AA88B3 /* Products */;
			projectDirPath = "";
			projectRoot = "";
			targets = (
				65F667F623F0498900AA88B3 /* GiphySearchChallenge */,
				65F6680C23F0498A00AA88B3 /* GiphySearchChallengeTests */,
				65F6682023F04BCB00AA88B3 /* GifAPI */,
				65F6682823F04BCB00AA88B3 /* GifAPITests */,
				656CFB4923F54BD00097A1B5 /* GiphySearchUI */,
				656CFB5123F54BD00097A1B5 /* GiphySearchUITests */,
			);
		};
/* End PBXProject section */

/* Begin PBXResourcesBuildPhase section */
		656CFB4823F54BD00097A1B5 /* Resources */ = {
			isa = PBXResourcesBuildPhase;
			buildActionMask = 2147483647;
			files = (
				B1CE792923FC80630039CB86 /* GifCell.xib in Resources */,
				656CFB7023F54DD20097A1B5 /* GifPlayerViewController.storyboard in Resources */,
				B1D4C8B523FC7DA700BB5918 /* GifSearchResultsViewController.storyboard in Resources */,
				B1D4C8A923FC7A1B00BB5918 /* GifSearchViewController.storyboard in Resources */,
				B13F09DA23FB27DF001B625B /* RandomGifViewController.storyboard in Resources */,
			);
			runOnlyForDeploymentPostprocessing = 0;
		};
		656CFB5023F54BD00097A1B5 /* Resources */ = {
			isa = PBXResourcesBuildPhase;
			buildActionMask = 2147483647;
			files = (
			);
			runOnlyForDeploymentPostprocessing = 0;
		};
		65F667F523F0498900AA88B3 /* Resources */ = {
			isa = PBXResourcesBuildPhase;
			buildActionMask = 2147483647;
			files = (
				65F6680723F0498A00AA88B3 /* LaunchScreen.storyboard in Resources */,
				65F6680423F0498A00AA88B3 /* Assets.xcassets in Resources */,
				65F6680223F0498900AA88B3 /* Main.storyboard in Resources */,
			);
			runOnlyForDeploymentPostprocessing = 0;
		};
		65F6680B23F0498A00AA88B3 /* Resources */ = {
			isa = PBXResourcesBuildPhase;
			buildActionMask = 2147483647;
			files = (
			);
			runOnlyForDeploymentPostprocessing = 0;
		};
		65F6681F23F04BCB00AA88B3 /* Resources */ = {
			isa = PBXResourcesBuildPhase;
			buildActionMask = 2147483647;
			files = (
			);
			runOnlyForDeploymentPostprocessing = 0;
		};
		65F6682723F04BCB00AA88B3 /* Resources */ = {
			isa = PBXResourcesBuildPhase;
			buildActionMask = 2147483647;
			files = (
				658F318623F46E7400918473 /* RandomGifResponse.json in Resources */,
				658F318723F46E7400918473 /* SearchGifResponse.json in Resources */,
			);
			runOnlyForDeploymentPostprocessing = 0;
		};
/* End PBXResourcesBuildPhase section */

/* Begin PBXSourcesBuildPhase section */
		656CFB4623F54BD00097A1B5 /* Sources */ = {
			isa = PBXSourcesBuildPhase;
			buildActionMask = 2147483647;
			files = (
				B1CE792D23FC81A70039CB86 /* UICollectionViewExtensions.swift in Sources */,
				B1CE792B23FC80FA0039CB86 /* IdentifiableType.swift in Sources */,
				B1D4C8B723FC7DE700BB5918 /* GifSearchResultsPresenter.swift in Sources */,
				B1D4C89323FB41C500BB5918 /* Scheduler.swift in Sources */,
				6576639023F562A8007A4CBC /* Notifier.swift in Sources */,
				656CFB7423F54E350097A1B5 /* StoryboardInstantiable.swift in Sources */,
				B1D4C8AB23FC7A7C00BB5918 /* GifSearchPresenter.swift in Sources */,
				B1D4C8AD23FC7AFA00BB5918 /* GifSearchBuilder.swift in Sources */,
				B1D4C89123FB300F00BB5918 /* UIViewControllerExtensions.swift in Sources */,
				B13F09D623FB279C001B625B /* RandomGifPresenter.swift in Sources */,
				656CFB6E23F54DBA0097A1B5 /* GifPlayerViewController.swift in Sources */,
				6576638E23F559E1007A4CBC /* GifPlayerPresenter.swift in Sources */,
				B13F09D423FB2785001B625B /* RandomGifViewController.swift in Sources */,
				B13F09D823FB27A5001B625B /* RandomGifBuilder.swift in Sources */,
				6576639223F563A4007A4CBC /* Player.swift in Sources */,
				B1D4C8B923FC7DF200BB5918 /* GifSearchResultsBuilder.swift in Sources */,
				B1CE792823FC80630039CB86 /* GifCell.swift in Sources */,
				656CFB7723F54EE80097A1B5 /* GifPlayerBuilder.swift in Sources */,
				B1D4C8A723FC7A0100BB5918 /* GifSearchViewController.swift in Sources */,
				B1D4C8B323FC7D9100BB5918 /* GifSearchResultsViewController.swift in Sources */,
			);
			runOnlyForDeploymentPostprocessing = 0;
		};
		656CFB4E23F54BD00097A1B5 /* Sources */ = {
			isa = PBXSourcesBuildPhase;
			buildActionMask = 2147483647;
			files = (
				B1D4C89723FB441C00BB5918 /* GifPlayerPresenterTests.swift in Sources */,
				B1D4C89D23FB45A400BB5918 /* MockGifPlayerData.swift in Sources */,
				B1D4C89F23FB461E00BB5918 /* MockNotifier.swift in Sources */,
				B1D4C8A123FB46C500BB5918 /* MockPlayer.swift in Sources */,
				B1D4C89B23FB448F00BB5918 /* MockGifPlayerViewInput.swift in Sources */,
			);
			runOnlyForDeploymentPostprocessing = 0;
		};
		65F667F323F0498900AA88B3 /* Sources */ = {
			isa = PBXSourcesBuildPhase;
			buildActionMask = 2147483647;
			files = (
				65F667FF23F0498900AA88B3 /* ViewController.swift in Sources */,
				65F667FB23F0498900AA88B3 /* AppDelegate.swift in Sources */,
			);
			runOnlyForDeploymentPostprocessing = 0;
		};
		65F6680923F0498A00AA88B3 /* Sources */ = {
			isa = PBXSourcesBuildPhase;
			buildActionMask = 2147483647;
			files = (
				65F6681223F0498A00AA88B3 /* GiphySearchChallengeTests.swift in Sources */,
			);
			runOnlyForDeploymentPostprocessing = 0;
		};
		65F6681D23F04BCB00AA88B3 /* Sources */ = {
			isa = PBXSourcesBuildPhase;
			buildActionMask = 2147483647;
			files = (
				6562FD1723F0A70100E2CEAD /* URLSessionExtensions.swift in Sources */,
				6562FD1523F0A6EB00E2CEAD /* StringExtensions.swift in Sources */,
				6562FD1C23F0A75000E2CEAD /* Network.swift in Sources */,
				659F495C23F27FE3003B562D /* GifAPI.swift in Sources */,
				6562FD2323F0A81500E2CEAD /* GiphyAPIResponse.swift in Sources */,
				6562FD2723F0A86600E2CEAD /* GiphyAPI.swift in Sources */,
				6562FD2523F0A84500E2CEAD /* GiphyRequestFactory.swift in Sources */,
				6562FD1123F0A6B700E2CEAD /* IntExtensions.swift in Sources */,
				6562FD1323F0A6D400E2CEAD /* URLExtensions.swift in Sources */,
				6562FD2023F0A7C800E2CEAD /* Gif.swift in Sources */,
				6562FD1A23F0A72B00E2CEAD /* URLQueryParameterStringConvertible.swift in Sources */,
			);
			runOnlyForDeploymentPostprocessing = 0;
		};
		65F6682523F04BCB00AA88B3 /* Sources */ = {
			isa = PBXSourcesBuildPhase;
			buildActionMask = 2147483647;
			files = (
				658F318223F4692700918473 /* GiphyAPITests.swift in Sources */,
				658F318A23F4774600918473 /* DataExtensions.swift in Sources */,
				658F317D23F4681200918473 /* MockNetwork.swift in Sources */,
				658F317F23F4686900918473 /* MockNetworkTask.swift in Sources */,
			);
			runOnlyForDeploymentPostprocessing = 0;
		};
/* End PBXSourcesBuildPhase section */

/* Begin PBXTargetDependency section */
		656CFB5523F54BD00097A1B5 /* PBXTargetDependency */ = {
			isa = PBXTargetDependency;
			target = 656CFB4923F54BD00097A1B5 /* GiphySearchUI */;
			targetProxy = 656CFB5423F54BD00097A1B5 /* PBXContainerItemProxy */;
		};
		656CFB5723F54BD00097A1B5 /* PBXTargetDependency */ = {
			isa = PBXTargetDependency;
			target = 65F667F623F0498900AA88B3 /* GiphySearchChallenge */;
			targetProxy = 656CFB5623F54BD00097A1B5 /* PBXContainerItemProxy */;
		};
		656CFB5E23F54BD00097A1B5 /* PBXTargetDependency */ = {
			isa = PBXTargetDependency;
			target = 656CFB4923F54BD00097A1B5 /* GiphySearchUI */;
			targetProxy = 656CFB5D23F54BD00097A1B5 /* PBXContainerItemProxy */;
		};
		65F6680F23F0498A00AA88B3 /* PBXTargetDependency */ = {
			isa = PBXTargetDependency;
			target = 65F667F623F0498900AA88B3 /* GiphySearchChallenge */;
			targetProxy = 65F6680E23F0498A00AA88B3 /* PBXContainerItemProxy */;
		};
		65F6682C23F04BCB00AA88B3 /* PBXTargetDependency */ = {
			isa = PBXTargetDependency;
			target = 65F6682023F04BCB00AA88B3 /* GifAPI */;
			targetProxy = 65F6682B23F04BCB00AA88B3 /* PBXContainerItemProxy */;
		};
		65F6682E23F04BCB00AA88B3 /* PBXTargetDependency */ = {
			isa = PBXTargetDependency;
			target = 65F667F623F0498900AA88B3 /* GiphySearchChallenge */;
			targetProxy = 65F6682D23F04BCB00AA88B3 /* PBXContainerItemProxy */;
		};
		65F6683523F04BCB00AA88B3 /* PBXTargetDependency */ = {
			isa = PBXTargetDependency;
			target = 65F6682023F04BCB00AA88B3 /* GifAPI */;
			targetProxy = 65F6683423F04BCB00AA88B3 /* PBXContainerItemProxy */;
		};
/* End PBXTargetDependency section */

/* Begin PBXVariantGroup section */
		65F6680023F0498900AA88B3 /* Main.storyboard */ = {
			isa = PBXVariantGroup;
			children = (
				65F6680123F0498900AA88B3 /* Base */,
			);
			name = Main.storyboard;
			sourceTree = "<group>";
		};
		65F6680523F0498A00AA88B3 /* LaunchScreen.storyboard */ = {
			isa = PBXVariantGroup;
			children = (
				65F6680623F0498A00AA88B3 /* Base */,
			);
			name = LaunchScreen.storyboard;
			sourceTree = "<group>";
		};
/* End PBXVariantGroup section */

/* Begin XCBuildConfiguration section */
		656CFB6123F54BD00097A1B5 /* Debug */ = {
			isa = XCBuildConfiguration;
			buildSettings = {
				CLANG_ENABLE_MODULES = YES;
				CODE_SIGN_STYLE = Automatic;
				CURRENT_PROJECT_VERSION = 1;
				DEFINES_MODULE = YES;
				DEVELOPMENT_TEAM = DU6674T27B;
				DYLIB_COMPATIBILITY_VERSION = 1;
				DYLIB_CURRENT_VERSION = 1;
				DYLIB_INSTALL_NAME_BASE = "@rpath";
				INFOPLIST_FILE = GiphySearchUI/SupportingFiles/Info.plist;
				INSTALL_PATH = "$(LOCAL_LIBRARY_DIR)/Frameworks";
				LD_RUNPATH_SEARCH_PATHS = (
					"$(inherited)",
					"@executable_path/Frameworks",
					"@loader_path/Frameworks",
				);
				PRODUCT_BUNDLE_IDENTIFIER = com.lexorus.GiphySearchUI;
				PRODUCT_NAME = "$(TARGET_NAME:c99extidentifier)";
				SKIP_INSTALL = YES;
				SWIFT_OPTIMIZATION_LEVEL = "-Onone";
				SWIFT_VERSION = 5.0;
				TARGETED_DEVICE_FAMILY = "1,2";
				VERSIONING_SYSTEM = "apple-generic";
				VERSION_INFO_PREFIX = "";
			};
			name = Debug;
		};
		656CFB6223F54BD00097A1B5 /* Release */ = {
			isa = XCBuildConfiguration;
			buildSettings = {
				CLANG_ENABLE_MODULES = YES;
				CODE_SIGN_STYLE = Automatic;
				CURRENT_PROJECT_VERSION = 1;
				DEFINES_MODULE = YES;
				DEVELOPMENT_TEAM = DU6674T27B;
				DYLIB_COMPATIBILITY_VERSION = 1;
				DYLIB_CURRENT_VERSION = 1;
				DYLIB_INSTALL_NAME_BASE = "@rpath";
				INFOPLIST_FILE = GiphySearchUI/SupportingFiles/Info.plist;
				INSTALL_PATH = "$(LOCAL_LIBRARY_DIR)/Frameworks";
				LD_RUNPATH_SEARCH_PATHS = (
					"$(inherited)",
					"@executable_path/Frameworks",
					"@loader_path/Frameworks",
				);
				PRODUCT_BUNDLE_IDENTIFIER = com.lexorus.GiphySearchUI;
				PRODUCT_NAME = "$(TARGET_NAME:c99extidentifier)";
				SKIP_INSTALL = YES;
				SWIFT_VERSION = 5.0;
				TARGETED_DEVICE_FAMILY = "1,2";
				VERSIONING_SYSTEM = "apple-generic";
				VERSION_INFO_PREFIX = "";
			};
			name = Release;
		};
		656CFB6323F54BD00097A1B5 /* Debug */ = {
			isa = XCBuildConfiguration;
			buildSettings = {
				ALWAYS_EMBED_SWIFT_STANDARD_LIBRARIES = YES;
				CODE_SIGN_STYLE = Automatic;
				DEVELOPMENT_TEAM = DU6674T27B;
				INFOPLIST_FILE = GiphySearchUITests/SupportingFiles/Info.plist;
				LD_RUNPATH_SEARCH_PATHS = (
					"$(inherited)",
					"@executable_path/Frameworks",
					"@loader_path/Frameworks",
				);
				PRODUCT_BUNDLE_IDENTIFIER = com.lexorus.GiphySearchUITests;
				PRODUCT_NAME = "$(TARGET_NAME)";
				SWIFT_VERSION = 5.0;
				TARGETED_DEVICE_FAMILY = "1,2";
				TEST_HOST = "$(BUILT_PRODUCTS_DIR)/GiphySearchChallenge.app/GiphySearchChallenge";
			};
			name = Debug;
		};
		656CFB6423F54BD00097A1B5 /* Release */ = {
			isa = XCBuildConfiguration;
			buildSettings = {
				ALWAYS_EMBED_SWIFT_STANDARD_LIBRARIES = YES;
				CODE_SIGN_STYLE = Automatic;
				DEVELOPMENT_TEAM = DU6674T27B;
				INFOPLIST_FILE = GiphySearchUITests/SupportingFiles/Info.plist;
				LD_RUNPATH_SEARCH_PATHS = (
					"$(inherited)",
					"@executable_path/Frameworks",
					"@loader_path/Frameworks",
				);
				PRODUCT_BUNDLE_IDENTIFIER = com.lexorus.GiphySearchUITests;
				PRODUCT_NAME = "$(TARGET_NAME)";
				SWIFT_VERSION = 5.0;
				TARGETED_DEVICE_FAMILY = "1,2";
				TEST_HOST = "$(BUILT_PRODUCTS_DIR)/GiphySearchChallenge.app/GiphySearchChallenge";
			};
			name = Release;
		};
		65F6681423F0498A00AA88B3 /* Debug */ = {
			isa = XCBuildConfiguration;
			buildSettings = {
				ALWAYS_SEARCH_USER_PATHS = NO;
				CLANG_ANALYZER_NONNULL = YES;
				CLANG_ANALYZER_NUMBER_OBJECT_CONVERSION = YES_AGGRESSIVE;
				CLANG_CXX_LANGUAGE_STANDARD = "gnu++14";
				CLANG_CXX_LIBRARY = "libc++";
				CLANG_ENABLE_MODULES = YES;
				CLANG_ENABLE_OBJC_ARC = YES;
				CLANG_ENABLE_OBJC_WEAK = YES;
				CLANG_WARN_BLOCK_CAPTURE_AUTORELEASING = YES;
				CLANG_WARN_BOOL_CONVERSION = YES;
				CLANG_WARN_COMMA = YES;
				CLANG_WARN_CONSTANT_CONVERSION = YES;
				CLANG_WARN_DEPRECATED_OBJC_IMPLEMENTATIONS = YES;
				CLANG_WARN_DIRECT_OBJC_ISA_USAGE = YES_ERROR;
				CLANG_WARN_DOCUMENTATION_COMMENTS = YES;
				CLANG_WARN_EMPTY_BODY = YES;
				CLANG_WARN_ENUM_CONVERSION = YES;
				CLANG_WARN_INFINITE_RECURSION = YES;
				CLANG_WARN_INT_CONVERSION = YES;
				CLANG_WARN_NON_LITERAL_NULL_CONVERSION = YES;
				CLANG_WARN_OBJC_IMPLICIT_RETAIN_SELF = YES;
				CLANG_WARN_OBJC_LITERAL_CONVERSION = YES;
				CLANG_WARN_OBJC_ROOT_CLASS = YES_ERROR;
				CLANG_WARN_RANGE_LOOP_ANALYSIS = YES;
				CLANG_WARN_STRICT_PROTOTYPES = YES;
				CLANG_WARN_SUSPICIOUS_MOVE = YES;
				CLANG_WARN_UNGUARDED_AVAILABILITY = YES_AGGRESSIVE;
				CLANG_WARN_UNREACHABLE_CODE = YES;
				CLANG_WARN__DUPLICATE_METHOD_MATCH = YES;
				COPY_PHASE_STRIP = NO;
				DEBUG_INFORMATION_FORMAT = dwarf;
				ENABLE_STRICT_OBJC_MSGSEND = YES;
				ENABLE_TESTABILITY = YES;
				GCC_C_LANGUAGE_STANDARD = gnu11;
				GCC_DYNAMIC_NO_PIC = NO;
				GCC_NO_COMMON_BLOCKS = YES;
				GCC_OPTIMIZATION_LEVEL = 0;
				GCC_PREPROCESSOR_DEFINITIONS = (
					"DEBUG=1",
					"$(inherited)",
				);
				GCC_WARN_64_TO_32_BIT_CONVERSION = YES;
				GCC_WARN_ABOUT_RETURN_TYPE = YES_ERROR;
				GCC_WARN_UNDECLARED_SELECTOR = YES;
				GCC_WARN_UNINITIALIZED_AUTOS = YES_AGGRESSIVE;
				GCC_WARN_UNUSED_FUNCTION = YES;
				GCC_WARN_UNUSED_VARIABLE = YES;
				IPHONEOS_DEPLOYMENT_TARGET = 13.2;
				MTL_ENABLE_DEBUG_INFO = INCLUDE_SOURCE;
				MTL_FAST_MATH = YES;
				ONLY_ACTIVE_ARCH = YES;
				SDKROOT = iphoneos;
				SWIFT_ACTIVE_COMPILATION_CONDITIONS = DEBUG;
				SWIFT_OPTIMIZATION_LEVEL = "-Onone";
			};
			name = Debug;
		};
		65F6681523F0498A00AA88B3 /* Release */ = {
			isa = XCBuildConfiguration;
			buildSettings = {
				ALWAYS_SEARCH_USER_PATHS = NO;
				CLANG_ANALYZER_NONNULL = YES;
				CLANG_ANALYZER_NUMBER_OBJECT_CONVERSION = YES_AGGRESSIVE;
				CLANG_CXX_LANGUAGE_STANDARD = "gnu++14";
				CLANG_CXX_LIBRARY = "libc++";
				CLANG_ENABLE_MODULES = YES;
				CLANG_ENABLE_OBJC_ARC = YES;
				CLANG_ENABLE_OBJC_WEAK = YES;
				CLANG_WARN_BLOCK_CAPTURE_AUTORELEASING = YES;
				CLANG_WARN_BOOL_CONVERSION = YES;
				CLANG_WARN_COMMA = YES;
				CLANG_WARN_CONSTANT_CONVERSION = YES;
				CLANG_WARN_DEPRECATED_OBJC_IMPLEMENTATIONS = YES;
				CLANG_WARN_DIRECT_OBJC_ISA_USAGE = YES_ERROR;
				CLANG_WARN_DOCUMENTATION_COMMENTS = YES;
				CLANG_WARN_EMPTY_BODY = YES;
				CLANG_WARN_ENUM_CONVERSION = YES;
				CLANG_WARN_INFINITE_RECURSION = YES;
				CLANG_WARN_INT_CONVERSION = YES;
				CLANG_WARN_NON_LITERAL_NULL_CONVERSION = YES;
				CLANG_WARN_OBJC_IMPLICIT_RETAIN_SELF = YES;
				CLANG_WARN_OBJC_LITERAL_CONVERSION = YES;
				CLANG_WARN_OBJC_ROOT_CLASS = YES_ERROR;
				CLANG_WARN_RANGE_LOOP_ANALYSIS = YES;
				CLANG_WARN_STRICT_PROTOTYPES = YES;
				CLANG_WARN_SUSPICIOUS_MOVE = YES;
				CLANG_WARN_UNGUARDED_AVAILABILITY = YES_AGGRESSIVE;
				CLANG_WARN_UNREACHABLE_CODE = YES;
				CLANG_WARN__DUPLICATE_METHOD_MATCH = YES;
				COPY_PHASE_STRIP = NO;
				DEBUG_INFORMATION_FORMAT = "dwarf-with-dsym";
				ENABLE_NS_ASSERTIONS = NO;
				ENABLE_STRICT_OBJC_MSGSEND = YES;
				GCC_C_LANGUAGE_STANDARD = gnu11;
				GCC_NO_COMMON_BLOCKS = YES;
				GCC_WARN_64_TO_32_BIT_CONVERSION = YES;
				GCC_WARN_ABOUT_RETURN_TYPE = YES_ERROR;
				GCC_WARN_UNDECLARED_SELECTOR = YES;
				GCC_WARN_UNINITIALIZED_AUTOS = YES_AGGRESSIVE;
				GCC_WARN_UNUSED_FUNCTION = YES;
				GCC_WARN_UNUSED_VARIABLE = YES;
				IPHONEOS_DEPLOYMENT_TARGET = 13.2;
				MTL_ENABLE_DEBUG_INFO = NO;
				MTL_FAST_MATH = YES;
				SDKROOT = iphoneos;
				SWIFT_COMPILATION_MODE = wholemodule;
				SWIFT_OPTIMIZATION_LEVEL = "-O";
				VALIDATE_PRODUCT = YES;
			};
			name = Release;
		};
		65F6681723F0498A00AA88B3 /* Debug */ = {
			isa = XCBuildConfiguration;
			buildSettings = {
				ALWAYS_EMBED_SWIFT_STANDARD_LIBRARIES = YES;
				ASSETCATALOG_COMPILER_APPICON_NAME = AppIcon;
				CODE_SIGN_STYLE = Automatic;
				DEVELOPMENT_TEAM = DU6674T27B;
				INFOPLIST_FILE = GiphySearchChallenge/Info.plist;
				LD_RUNPATH_SEARCH_PATHS = (
					"$(inherited)",
					"@executable_path/Frameworks",
				);
				PRODUCT_BUNDLE_IDENTIFIER = com.lexorus.GiphySearchChallenge;
				PRODUCT_NAME = "$(TARGET_NAME)";
				SWIFT_VERSION = 5.0;
				TARGETED_DEVICE_FAMILY = 1;
			};
			name = Debug;
		};
		65F6681823F0498A00AA88B3 /* Release */ = {
			isa = XCBuildConfiguration;
			buildSettings = {
				ALWAYS_EMBED_SWIFT_STANDARD_LIBRARIES = YES;
				ASSETCATALOG_COMPILER_APPICON_NAME = AppIcon;
				CODE_SIGN_STYLE = Automatic;
				DEVELOPMENT_TEAM = DU6674T27B;
				INFOPLIST_FILE = GiphySearchChallenge/Info.plist;
				LD_RUNPATH_SEARCH_PATHS = (
					"$(inherited)",
					"@executable_path/Frameworks",
				);
				PRODUCT_BUNDLE_IDENTIFIER = com.lexorus.GiphySearchChallenge;
				PRODUCT_NAME = "$(TARGET_NAME)";
				SWIFT_VERSION = 5.0;
				TARGETED_DEVICE_FAMILY = 1;
			};
			name = Release;
		};
		65F6681A23F0498A00AA88B3 /* Debug */ = {
			isa = XCBuildConfiguration;
			buildSettings = {
				ALWAYS_EMBED_SWIFT_STANDARD_LIBRARIES = YES;
				BUNDLE_LOADER = "$(TEST_HOST)";
				CODE_SIGN_STYLE = Automatic;
				DEVELOPMENT_TEAM = DU6674T27B;
				INFOPLIST_FILE = GiphySearchChallengeTests/Info.plist;
				IPHONEOS_DEPLOYMENT_TARGET = 13.2;
				LD_RUNPATH_SEARCH_PATHS = (
					"$(inherited)",
					"@executable_path/Frameworks",
					"@loader_path/Frameworks",
				);
				PRODUCT_BUNDLE_IDENTIFIER = com.lexorus.GiphySearchChallengeTests;
				PRODUCT_NAME = "$(TARGET_NAME)";
				SWIFT_VERSION = 5.0;
				TARGETED_DEVICE_FAMILY = "1,2";
				TEST_HOST = "$(BUILT_PRODUCTS_DIR)/GiphySearchChallenge.app/GiphySearchChallenge";
			};
			name = Debug;
		};
		65F6681B23F0498A00AA88B3 /* Release */ = {
			isa = XCBuildConfiguration;
			buildSettings = {
				ALWAYS_EMBED_SWIFT_STANDARD_LIBRARIES = YES;
				BUNDLE_LOADER = "$(TEST_HOST)";
				CODE_SIGN_STYLE = Automatic;
				DEVELOPMENT_TEAM = DU6674T27B;
				INFOPLIST_FILE = GiphySearchChallengeTests/Info.plist;
				IPHONEOS_DEPLOYMENT_TARGET = 13.2;
				LD_RUNPATH_SEARCH_PATHS = (
					"$(inherited)",
					"@executable_path/Frameworks",
					"@loader_path/Frameworks",
				);
				PRODUCT_BUNDLE_IDENTIFIER = com.lexorus.GiphySearchChallengeTests;
				PRODUCT_NAME = "$(TARGET_NAME)";
				SWIFT_VERSION = 5.0;
				TARGETED_DEVICE_FAMILY = "1,2";
				TEST_HOST = "$(BUILT_PRODUCTS_DIR)/GiphySearchChallenge.app/GiphySearchChallenge";
			};
			name = Release;
		};
		65F6683923F04BCB00AA88B3 /* Debug */ = {
			isa = XCBuildConfiguration;
			buildSettings = {
				CLANG_ENABLE_MODULES = YES;
				CODE_SIGN_STYLE = Automatic;
				CURRENT_PROJECT_VERSION = 1;
				DEFINES_MODULE = YES;
				DEVELOPMENT_TEAM = DU6674T27B;
				DYLIB_COMPATIBILITY_VERSION = 1;
				DYLIB_CURRENT_VERSION = 1;
				DYLIB_INSTALL_NAME_BASE = "@rpath";
				INFOPLIST_FILE = GifAPI/SupportingFiles/Info.plist;
				INSTALL_PATH = "$(LOCAL_LIBRARY_DIR)/Frameworks";
				LD_RUNPATH_SEARCH_PATHS = (
					"$(inherited)",
					"@executable_path/Frameworks",
					"@loader_path/Frameworks",
				);
				PRODUCT_BUNDLE_IDENTIFIER = com.lexorus.GifAPI;
				PRODUCT_NAME = "$(TARGET_NAME:c99extidentifier)";
				SKIP_INSTALL = YES;
				SWIFT_OPTIMIZATION_LEVEL = "-Onone";
				SWIFT_VERSION = 5.0;
				TARGETED_DEVICE_FAMILY = "1,2";
				VERSIONING_SYSTEM = "apple-generic";
				VERSION_INFO_PREFIX = "";
			};
			name = Debug;
		};
		65F6683A23F04BCB00AA88B3 /* Release */ = {
			isa = XCBuildConfiguration;
			buildSettings = {
				CLANG_ENABLE_MODULES = YES;
				CODE_SIGN_STYLE = Automatic;
				CURRENT_PROJECT_VERSION = 1;
				DEFINES_MODULE = YES;
				DEVELOPMENT_TEAM = DU6674T27B;
				DYLIB_COMPATIBILITY_VERSION = 1;
				DYLIB_CURRENT_VERSION = 1;
				DYLIB_INSTALL_NAME_BASE = "@rpath";
				INFOPLIST_FILE = GifAPI/SupportingFiles/Info.plist;
				INSTALL_PATH = "$(LOCAL_LIBRARY_DIR)/Frameworks";
				LD_RUNPATH_SEARCH_PATHS = (
					"$(inherited)",
					"@executable_path/Frameworks",
					"@loader_path/Frameworks",
				);
				PRODUCT_BUNDLE_IDENTIFIER = com.lexorus.GifAPI;
				PRODUCT_NAME = "$(TARGET_NAME:c99extidentifier)";
				SKIP_INSTALL = YES;
				SWIFT_VERSION = 5.0;
				TARGETED_DEVICE_FAMILY = "1,2";
				VERSIONING_SYSTEM = "apple-generic";
				VERSION_INFO_PREFIX = "";
			};
			name = Release;
		};
		65F6683D23F04BCB00AA88B3 /* Debug */ = {
			isa = XCBuildConfiguration;
			buildSettings = {
				ALWAYS_EMBED_SWIFT_STANDARD_LIBRARIES = YES;
				CODE_SIGN_STYLE = Automatic;
				DEVELOPMENT_TEAM = DU6674T27B;
				INFOPLIST_FILE = GifAPITests/SupportingFiles/Info.plist;
				LD_RUNPATH_SEARCH_PATHS = (
					"$(inherited)",
					"@executable_path/Frameworks",
					"@loader_path/Frameworks",
				);
				PRODUCT_BUNDLE_IDENTIFIER = com.lexorus.GifAPITests;
				PRODUCT_NAME = "$(TARGET_NAME)";
				SWIFT_VERSION = 5.0;
				TARGETED_DEVICE_FAMILY = "1,2";
				TEST_HOST = "$(BUILT_PRODUCTS_DIR)/GiphySearchChallenge.app/GiphySearchChallenge";
			};
			name = Debug;
		};
		65F6683E23F04BCB00AA88B3 /* Release */ = {
			isa = XCBuildConfiguration;
			buildSettings = {
				ALWAYS_EMBED_SWIFT_STANDARD_LIBRARIES = YES;
				CODE_SIGN_STYLE = Automatic;
				DEVELOPMENT_TEAM = DU6674T27B;
				INFOPLIST_FILE = GifAPITests/SupportingFiles/Info.plist;
				LD_RUNPATH_SEARCH_PATHS = (
					"$(inherited)",
					"@executable_path/Frameworks",
					"@loader_path/Frameworks",
				);
				PRODUCT_BUNDLE_IDENTIFIER = com.lexorus.GifAPITests;
				PRODUCT_NAME = "$(TARGET_NAME)";
				SWIFT_VERSION = 5.0;
				TARGETED_DEVICE_FAMILY = "1,2";
				TEST_HOST = "$(BUILT_PRODUCTS_DIR)/GiphySearchChallenge.app/GiphySearchChallenge";
			};
			name = Release;
		};
/* End XCBuildConfiguration section */

/* Begin XCConfigurationList section */
		656CFB6523F54BD00097A1B5 /* Build configuration list for PBXNativeTarget "GiphySearchUI" */ = {
			isa = XCConfigurationList;
			buildConfigurations = (
				656CFB6123F54BD00097A1B5 /* Debug */,
				656CFB6223F54BD00097A1B5 /* Release */,
			);
			defaultConfigurationIsVisible = 0;
			defaultConfigurationName = Release;
		};
		656CFB6623F54BD00097A1B5 /* Build configuration list for PBXNativeTarget "GiphySearchUITests" */ = {
			isa = XCConfigurationList;
			buildConfigurations = (
				656CFB6323F54BD00097A1B5 /* Debug */,
				656CFB6423F54BD00097A1B5 /* Release */,
			);
			defaultConfigurationIsVisible = 0;
			defaultConfigurationName = Release;
		};
		65F667F223F0498900AA88B3 /* Build configuration list for PBXProject "GiphySearchChallenge" */ = {
			isa = XCConfigurationList;
			buildConfigurations = (
				65F6681423F0498A00AA88B3 /* Debug */,
				65F6681523F0498A00AA88B3 /* Release */,
			);
			defaultConfigurationIsVisible = 0;
			defaultConfigurationName = Release;
		};
		65F6681623F0498A00AA88B3 /* Build configuration list for PBXNativeTarget "GiphySearchChallenge" */ = {
			isa = XCConfigurationList;
			buildConfigurations = (
				65F6681723F0498A00AA88B3 /* Debug */,
				65F6681823F0498A00AA88B3 /* Release */,
			);
			defaultConfigurationIsVisible = 0;
			defaultConfigurationName = Release;
		};
		65F6681923F0498A00AA88B3 /* Build configuration list for PBXNativeTarget "GiphySearchChallengeTests" */ = {
			isa = XCConfigurationList;
			buildConfigurations = (
				65F6681A23F0498A00AA88B3 /* Debug */,
				65F6681B23F0498A00AA88B3 /* Release */,
			);
			defaultConfigurationIsVisible = 0;
			defaultConfigurationName = Release;
		};
		65F6683823F04BCB00AA88B3 /* Build configuration list for PBXNativeTarget "GifAPI" */ = {
			isa = XCConfigurationList;
			buildConfigurations = (
				65F6683923F04BCB00AA88B3 /* Debug */,
				65F6683A23F04BCB00AA88B3 /* Release */,
			);
			defaultConfigurationIsVisible = 0;
			defaultConfigurationName = Release;
		};
		65F6683C23F04BCB00AA88B3 /* Build configuration list for PBXNativeTarget "GifAPITests" */ = {
			isa = XCConfigurationList;
			buildConfigurations = (
				65F6683D23F04BCB00AA88B3 /* Debug */,
				65F6683E23F04BCB00AA88B3 /* Release */,
			);
			defaultConfigurationIsVisible = 0;
			defaultConfigurationName = Release;
		};
/* End XCConfigurationList section */
	};
	rootObject = 65F667EF23F0498900AA88B3 /* Project object */;
}
